
Microsoft Visual Studio Solution File, Format Version 12.00
# Visual Studio 15
VisualStudioVersion = 15.0.28307.168
MinimumVisualStudioVersion = 10.0.40219.1
Project("{FAE04EC0-301F-11D3-BF4B-00C04F79EFBC}") = "Vidly", "Vidly\Vidly.csproj", "{D2918ADC-7611-47A7-90D1-CB5FA94E4B13}"
EndProject
Global
	GlobalSection(SolutionConfigurationPlatforms) = preSolution
		Debug|Any CPU = Debug|Any CPU
		Release|Any CPU = Release|Any CPU
	EndGlobalSection
	GlobalSection(ProjectConfigurationPlatforms) = postSolution
		{D2918ADC-7611-47A7-90D1-CB5FA94E4B13}.Debug|Any CPU.ActiveCfg = Debug|Any CPU
		{D2918ADC-7611-47A7-90D1-CB5FA94E4B13}.Debug|Any CPU.Build.0 = Debug|Any CPU
		{D2918ADC-7611-47A7-90D1-CB5FA94E4B13}.Release|Any CPU.ActiveCfg = Release|Any CPU
		{D2918ADC-7611-47A7-90D1-CB5FA94E4B13}.Release|Any CPU.Build.0 = Release|Any CPU
	EndGlobalSection
	GlobalSection(SolutionProperties) = preSolution
		HideSolutionNode = FALSE
	EndGlobalSection
	GlobalSection(ExtensibilityGlobals) = postSolution
		SolutionGuid = {1AC40CCF-09B6-4A02-A817-9DFDFF5825B4}
	EndGlobalSection
EndGlobal
